// !$*UTF8*$!
{
	archiveVersion = 1;
	classes = {
	};
	objectVersion = 46;
	objects = {

/* Begin PBXBuildFile section */
		730E357A1B77F1B900F4CDF7 /* AppDelegate.swift in Sources */ = {isa = PBXBuildFile; fileRef = 730E35791B77F1B900F4CDF7 /* AppDelegate.swift */; };
		730E357C1B77F1B900F4CDF7 /* ViewController.swift in Sources */ = {isa = PBXBuildFile; fileRef = 730E357B1B77F1B900F4CDF7 /* ViewController.swift */; };
		730E357F1B77F1B900F4CDF7 /* Main.storyboard in Resources */ = {isa = PBXBuildFile; fileRef = 730E357D1B77F1B900F4CDF7 /* Main.storyboard */; };
		730E35811B77F1B900F4CDF7 /* Images.xcassets in Resources */ = {isa = PBXBuildFile; fileRef = 730E35801B77F1B900F4CDF7 /* Images.xcassets */; };
		730E35841B77F1B900F4CDF7 /* LaunchScreen.xib in Resources */ = {isa = PBXBuildFile; fileRef = 730E35821B77F1B900F4CDF7 /* LaunchScreen.xib */; };
		730E35901B77F1B900F4CDF7 /* ACBInfoPanelTests.swift in Sources */ = {isa = PBXBuildFile; fileRef = 730E358F1B77F1B900F4CDF7 /* ACBInfoPanelTests.swift */; };
		730E359B1B77F1C900F4CDF7 /* ACBInfoPanelViewController.swift in Sources */ = {isa = PBXBuildFile; fileRef = 730E35991B77F1C900F4CDF7 /* ACBInfoPanelViewController.swift */; };
		730E359C1B77F1C900F4CDF7 /* ACBInfoPanelViewController.xib in Resources */ = {isa = PBXBuildFile; fileRef = 730E359A1B77F1C900F4CDF7 /* ACBInfoPanelViewController.xib */; };
		730E359E1B77F28B00F4CDF7 /* ACBInfoPanelResources.xcassets in Resources */ = {isa = PBXBuildFile; fileRef = 730E359D1B77F28B00F4CDF7 /* ACBInfoPanelResources.xcassets */; };
		730E35A01B77FF5A00F4CDF7 /* NSURL+ACBUrls.swift in Sources */ = {isa = PBXBuildFile; fileRef = 730E359F1B77FF5A00F4CDF7 /* NSURL+ACBUrls.swift */; };
/* End PBXBuildFile section */

/* Begin PBXContainerItemProxy section */
		730E358A1B77F1B900F4CDF7 /* PBXContainerItemProxy */ = {
			isa = PBXContainerItemProxy;
			containerPortal = 730E356C1B77F1B900F4CDF7 /* Project object */;
			proxyType = 1;
			remoteGlobalIDString = 730E35731B77F1B900F4CDF7;
			remoteInfo = ACBInfoPanel;
		};
/* End PBXContainerItemProxy section */

/* Begin PBXFileReference section */
		730E35741B77F1B900F4CDF7 /* ACBInfoPanel.app */ = {isa = PBXFileReference; explicitFileType = wrapper.application; includeInIndex = 0; path = ACBInfoPanel.app; sourceTree = BUILT_PRODUCTS_DIR; };
		730E35781B77F1B900F4CDF7 /* Info.plist */ = {isa = PBXFileReference; lastKnownFileType = text.plist.xml; path = Info.plist; sourceTree = "<group>"; };
		730E35791B77F1B900F4CDF7 /* AppDelegate.swift */ = {isa = PBXFileReference; lastKnownFileType = sourcecode.swift; path = AppDelegate.swift; sourceTree = "<group>"; };
		730E357B1B77F1B900F4CDF7 /* ViewController.swift */ = {isa = PBXFileReference; lastKnownFileType = sourcecode.swift; path = ViewController.swift; sourceTree = "<group>"; };
		730E357E1B77F1B900F4CDF7 /* Base */ = {isa = PBXFileReference; lastKnownFileType = file.storyboard; name = Base; path = Base.lproj/Main.storyboard; sourceTree = "<group>"; };
		730E35801B77F1B900F4CDF7 /* Images.xcassets */ = {isa = PBXFileReference; lastKnownFileType = folder.assetcatalog; path = Images.xcassets; sourceTree = "<group>"; };
		730E35831B77F1B900F4CDF7 /* Base */ = {isa = PBXFileReference; lastKnownFileType = file.xib; name = Base; path = Base.lproj/LaunchScreen.xib; sourceTree = "<group>"; };
		730E35891B77F1B900F4CDF7 /* ACBInfoPanelTests.xctest */ = {isa = PBXFileReference; explicitFileType = wrapper.cfbundle; includeInIndex = 0; path = ACBInfoPanelTests.xctest; sourceTree = BUILT_PRODUCTS_DIR; };
		730E358E1B77F1B900F4CDF7 /* Info.plist */ = {isa = PBXFileReference; lastKnownFileType = text.plist.xml; path = Info.plist; sourceTree = "<group>"; };
		730E358F1B77F1B900F4CDF7 /* ACBInfoPanelTests.swift */ = {isa = PBXFileReference; lastKnownFileType = sourcecode.swift; path = ACBInfoPanelTests.swift; sourceTree = "<group>"; };
		730E35991B77F1C900F4CDF7 /* ACBInfoPanelViewController.swift */ = {isa = PBXFileReference; fileEncoding = 4; lastKnownFileType = sourcecode.swift; path = ACBInfoPanelViewController.swift; sourceTree = "<group>"; };
		730E359A1B77F1C900F4CDF7 /* ACBInfoPanelViewController.xib */ = {isa = PBXFileReference; fileEncoding = 4; lastKnownFileType = file.xib; path = ACBInfoPanelViewController.xib; sourceTree = "<group>"; };
		730E359D1B77F28B00F4CDF7 /* ACBInfoPanelResources.xcassets */ = {isa = PBXFileReference; lastKnownFileType = folder.assetcatalog; path = ACBInfoPanelResources.xcassets; sourceTree = "<group>"; };
		730E359F1B77FF5A00F4CDF7 /* NSURL+ACBUrls.swift */ = {isa = PBXFileReference; fileEncoding = 4; lastKnownFileType = sourcecode.swift; path = "NSURL+ACBUrls.swift"; sourceTree = "<group>"; };
/* End PBXFileReference section */

/* Begin PBXFrameworksBuildPhase section */
		730E35711B77F1B900F4CDF7 /* Frameworks */ = {
			isa = PBXFrameworksBuildPhase;
			buildActionMask = 2147483647;
			files = (
			);
			runOnlyForDeploymentPostprocessing = 0;
		};
		730E35861B77F1B900F4CDF7 /* Frameworks */ = {
			isa = PBXFrameworksBuildPhase;
			buildActionMask = 2147483647;
			files = (
			);
			runOnlyForDeploymentPostprocessing = 0;
		};
/* End PBXFrameworksBuildPhase section */

/* Begin PBXGroup section */
		730E356B1B77F1B900F4CDF7 = {
			isa = PBXGroup;
			children = (
				730E359F1B77FF5A00F4CDF7 /* NSURL+ACBUrls.swift */,
				730E35991B77F1C900F4CDF7 /* ACBInfoPanelViewController.swift */,
				730E359A1B77F1C900F4CDF7 /* ACBInfoPanelViewController.xib */,
				730E359D1B77F28B00F4CDF7 /* ACBInfoPanelResources.xcassets */,
				730E35761B77F1B900F4CDF7 /* ACBInfoPanel */,
				730E358C1B77F1B900F4CDF7 /* ACBInfoPanelTests */,
				730E35751B77F1B900F4CDF7 /* Products */,
			);
			sourceTree = "<group>";
		};
		730E35751B77F1B900F4CDF7 /* Products */ = {
			isa = PBXGroup;
			children = (
				730E35741B77F1B900F4CDF7 /* ACBInfoPanel.app */,
				730E35891B77F1B900F4CDF7 /* ACBInfoPanelTests.xctest */,
			);
			name = Products;
			sourceTree = "<group>";
		};
		730E35761B77F1B900F4CDF7 /* ACBInfoPanel */ = {
			isa = PBXGroup;
			children = (
				730E35791B77F1B900F4CDF7 /* AppDelegate.swift */,
				730E357B1B77F1B900F4CDF7 /* ViewController.swift */,
				730E357D1B77F1B900F4CDF7 /* Main.storyboard */,
				730E35801B77F1B900F4CDF7 /* Images.xcassets */,
				730E35821B77F1B900F4CDF7 /* LaunchScreen.xib */,
				730E35771B77F1B900F4CDF7 /* Supporting Files */,
			);
			path = ACBInfoPanel;
			sourceTree = "<group>";
		};
		730E35771B77F1B900F4CDF7 /* Supporting Files */ = {
			isa = PBXGroup;
			children = (
				730E35781B77F1B900F4CDF7 /* Info.plist */,
			);
			name = "Supporting Files";
			sourceTree = "<group>";
		};
		730E358C1B77F1B900F4CDF7 /* ACBInfoPanelTests */ = {
			isa = PBXGroup;
			children = (
				730E358F1B77F1B900F4CDF7 /* ACBInfoPanelTests.swift */,
				730E358D1B77F1B900F4CDF7 /* Supporting Files */,
			);
			path = ACBInfoPanelTests;
			sourceTree = "<group>";
		};
		730E358D1B77F1B900F4CDF7 /* Supporting Files */ = {
			isa = PBXGroup;
			children = (
				730E358E1B77F1B900F4CDF7 /* Info.plist */,
			);
			name = "Supporting Files";
			sourceTree = "<group>";
		};
/* End PBXGroup section */

/* Begin PBXNativeTarget section */
		730E35731B77F1B900F4CDF7 /* ACBInfoPanel */ = {
			isa = PBXNativeTarget;
			buildConfigurationList = 730E35931B77F1B900F4CDF7 /* Build configuration list for PBXNativeTarget "ACBInfoPanel" */;
			buildPhases = (
				730E35701B77F1B900F4CDF7 /* Sources */,
				730E35711B77F1B900F4CDF7 /* Frameworks */,
				730E35721B77F1B900F4CDF7 /* Resources */,
			);
			buildRules = (
			);
			dependencies = (
			);
			name = ACBInfoPanel;
			productName = ACBInfoPanel;
			productReference = 730E35741B77F1B900F4CDF7 /* ACBInfoPanel.app */;
			productType = "com.apple.product-type.application";
		};
		730E35881B77F1B900F4CDF7 /* ACBInfoPanelTests */ = {
			isa = PBXNativeTarget;
			buildConfigurationList = 730E35961B77F1B900F4CDF7 /* Build configuration list for PBXNativeTarget "ACBInfoPanelTests" */;
			buildPhases = (
				730E35851B77F1B900F4CDF7 /* Sources */,
				730E35861B77F1B900F4CDF7 /* Frameworks */,
				730E35871B77F1B900F4CDF7 /* Resources */,
			);
			buildRules = (
			);
			dependencies = (
				730E358B1B77F1B900F4CDF7 /* PBXTargetDependency */,
			);
			name = ACBInfoPanelTests;
			productName = ACBInfoPanelTests;
			productReference = 730E35891B77F1B900F4CDF7 /* ACBInfoPanelTests.xctest */;
			productType = "com.apple.product-type.bundle.unit-test";
		};
/* End PBXNativeTarget section */

/* Begin PBXProject section */
		730E356C1B77F1B900F4CDF7 /* Project object */ = {
			isa = PBXProject;
			attributes = {
				LastUpgradeCheck = 0640;
				ORGANIZATIONNAME = AppCookbook;
				TargetAttributes = {
					730E35731B77F1B900F4CDF7 = {
						CreatedOnToolsVersion = 6.4;
					};
					730E35881B77F1B900F4CDF7 = {
						CreatedOnToolsVersion = 6.4;
						TestTargetID = 730E35731B77F1B900F4CDF7;
					};
				};
			};
			buildConfigurationList = 730E356F1B77F1B900F4CDF7 /* Build configuration list for PBXProject "ACBInfoPanel" */;
			compatibilityVersion = "Xcode 3.2";
			developmentRegion = English;
			hasScannedForEncodings = 0;
			knownRegions = (
				en,
				Base,
			);
			mainGroup = 730E356B1B77F1B900F4CDF7;
			productRefGroup = 730E35751B77F1B900F4CDF7 /* Products */;
			projectDirPath = "";
			projectRoot = "";
			targets = (
				730E35731B77F1B900F4CDF7 /* ACBInfoPanel */,
				730E35881B77F1B900F4CDF7 /* ACBInfoPanelTests */,
			);
		};
/* End PBXProject section */

/* Begin PBXResourcesBuildPhase section */
		730E35721B77F1B900F4CDF7 /* Resources */ = {
			isa = PBXResourcesBuildPhase;
			buildActionMask = 2147483647;
			files = (
				730E359C1B77F1C900F4CDF7 /* ACBInfoPanelViewController.xib in Resources */,
				730E357F1B77F1B900F4CDF7 /* Main.storyboard in Resources */,
				730E359E1B77F28B00F4CDF7 /* ACBInfoPanelResources.xcassets in Resources */,
				730E35841B77F1B900F4CDF7 /* LaunchScreen.xib in Resources */,
				730E35811B77F1B900F4CDF7 /* Images.xcassets in Resources */,
			);
			runOnlyForDeploymentPostprocessing = 0;
		};
		730E35871B77F1B900F4CDF7 /* Resources */ = {
			isa = PBXResourcesBuildPhase;
			buildActionMask = 2147483647;
			files = (
			);
			runOnlyForDeploymentPostprocessing = 0;
		};
/* End PBXResourcesBuildPhase section */

/* Begin PBXSourcesBuildPhase section */
		730E35701B77F1B900F4CDF7 /* Sources */ = {
			isa = PBXSourcesBuildPhase;
			buildActionMask = 2147483647;
			files = (
				730E359B1B77F1C900F4CDF7 /* ACBInfoPanelViewController.swift in Sources */,
				730E35A01B77FF5A00F4CDF7 /* NSURL+ACBUrls.swift in Sources */,
				730E357C1B77F1B900F4CDF7 /* ViewController.swift in Sources */,
				730E357A1B77F1B900F4CDF7 /* AppDelegate.swift in Sources */,
			);
			runOnlyForDeploymentPostprocessing = 0;
		};
		730E35851B77F1B900F4CDF7 /* Sources */ = {
			isa = PBXSourcesBuildPhase;
			buildActionMask = 2147483647;
			files = (
				730E35901B77F1B900F4CDF7 /* ACBInfoPanelTests.swift in Sources */,
			);
			runOnlyForDeploymentPostprocessing = 0;
		};
/* End PBXSourcesBuildPhase section */

/* Begin PBXTargetDependency section */
		730E358B1B77F1B900F4CDF7 /* PBXTargetDependency */ = {
			isa = PBXTargetDependency;
			target = 730E35731B77F1B900F4CDF7 /* ACBInfoPanel */;
			targetProxy = 730E358A1B77F1B900F4CDF7 /* PBXContainerItemProxy */;
		};
/* End PBXTargetDependency section */

/* Begin PBXVariantGroup section */
		730E357D1B77F1B900F4CDF7 /* Main.storyboard */ = {
			isa = PBXVariantGroup;
			children = (
				730E357E1B77F1B900F4CDF7 /* Base */,
			);
			name = Main.storyboard;
			sourceTree = "<group>";
		};
		730E35821B77F1B900F4CDF7 /* LaunchScreen.xib */ = {
			isa = PBXVariantGroup;
			children = (
				730E35831B77F1B900F4CDF7 /* Base */,
			);
			name = LaunchScreen.xib;
			sourceTree = "<group>";
		};
/* End PBXVariantGroup section */

/* Begin XCBuildConfiguration section */
		730E35911B77F1B900F4CDF7 /* Debug */ = {
			isa = XCBuildConfiguration;
			buildSettings = {
				ALWAYS_SEARCH_USER_PATHS = NO;
				CLANG_CXX_LANGUAGE_STANDARD = "gnu++0x";
				CLANG_CXX_LIBRARY = "libc++";
				CLANG_ENABLE_MODULES = YES;
				CLANG_ENABLE_OBJC_ARC = YES;
				CLANG_WARN_BOOL_CONVERSION = YES;
				CLANG_WARN_CONSTANT_CONVERSION = YES;
				CLANG_WARN_DIRECT_OBJC_ISA_USAGE = YES_ERROR;
				CLANG_WARN_EMPTY_BODY = YES;
				CLANG_WARN_ENUM_CONVERSION = YES;
				CLANG_WARN_INT_CONVERSION = YES;
				CLANG_WARN_OBJC_ROOT_CLASS = YES_ERROR;
				CLANG_WARN_UNREACHABLE_CODE = YES;
				CLANG_WARN__DUPLICATE_METHOD_MATCH = YES;
				"CODE_SIGN_IDENTITY[sdk=iphoneos*]" = "iPhone Developer";
				COPY_PHASE_STRIP = NO;
				DEBUG_INFORMATION_FORMAT = "dwarf-with-dsym";
				ENABLE_STRICT_OBJC_MSGSEND = YES;
				GCC_C_LANGUAGE_STANDARD = gnu99;
				GCC_DYNAMIC_NO_PIC = NO;
				GCC_NO_COMMON_BLOCKS = YES;
				GCC_OPTIMIZATION_LEVEL = 0;
				GCC_PREPROCESSOR_DEFINITIONS = (
					"DEBUG=1",
					"$(inherited)",
				);
				GCC_SYMBOLS_PRIVATE_EXTERN = NO;
				GCC_WARN_64_TO_32_BIT_CONVERSION = YES;
				GCC_WARN_ABOUT_RETURN_TYPE = YES_ERROR;
				GCC_WARN_UNDECLARED_SELECTOR = YES;
				GCC_WARN_UNINITIALIZED_AUTOS = YES_AGGRESSIVE;
				GCC_WARN_UNUSED_FUNCTION = YES;
				GCC_WARN_UNUSED_VARIABLE = YES;
				IPHONEOS_DEPLOYMENT_TARGET = 8.4;
				MTL_ENABLE_DEBUG_INFO = YES;
				ONLY_ACTIVE_ARCH = YES;
				SDKROOT = iphoneos;
				SWIFT_OPTIMIZATION_LEVEL = "-Onone";
				TARGETED_DEVICE_FAMILY = "1,2";
			};
			name = Debug;
		};
		730E35921B77F1B900F4CDF7 /* Release */ = {
			isa = XCBuildConfiguration;
			buildSettings = {
				ALWAYS_SEARCH_USER_PATHS = NO;
				CLANG_CXX_LANGUAGE_STANDARD = "gnu++0x";
				CLANG_CXX_LIBRARY = "libc++";
				CLANG_ENABLE_MODULES = YES;
				CLANG_ENABLE_OBJC_ARC = YES;
				CLANG_WARN_BOOL_CONVERSION = YES;
				CLANG_WARN_CONSTANT_CONVERSION = YES;
				CLANG_WARN_DIRECT_OBJC_ISA_USAGE = YES_ERROR;
				CLANG_WARN_EMPTY_BODY = YES;
				CLANG_WARN_ENUM_CONVERSION = YES;
				CLANG_WARN_INT_CONVERSION = YES;
				CLANG_WARN_OBJC_ROOT_CLASS = YES_ERROR;
				CLANG_WARN_UNREACHABLE_CODE = YES;
				CLANG_WARN__DUPLICATE_METHOD_MATCH = YES;
				"CODE_SIGN_IDENTITY[sdk=iphoneos*]" = "iPhone Developer";
				COPY_PHASE_STRIP = NO;
				DEBUG_INFORMATION_FORMAT = "dwarf-with-dsym";
				ENABLE_NS_ASSERTIONS = NO;
				ENABLE_STRICT_OBJC_MSGSEND = YES;
				GCC_C_LANGUAGE_STANDARD = gnu99;
				GCC_NO_COMMON_BLOCKS = YES;
				GCC_WARN_64_TO_32_BIT_CONVERSION = YES;
				GCC_WARN_ABOUT_RETURN_TYPE = YES_ERROR;
				GCC_WARN_UNDECLARED_SELECTOR = YES;
				GCC_WARN_UNINITIALIZED_AUTOS = YES_AGGRESSIVE;
				GCC_WARN_UNUSED_FUNCTION = YES;
				GCC_WARN_UNUSED_VARIABLE = YES;
				IPHONEOS_DEPLOYMENT_TARGET = 8.4;
				MTL_ENABLE_DEBUG_INFO = NO;
				SDKROOT = iphoneos;
				TARGETED_DEVICE_FAMILY = "1,2";
				VALIDATE_PRODUCT = YES;
			};
			name = Release;
		};
		730E35941B77F1B900F4CDF7 /* Debug */ = {
			isa = XCBuildConfiguration;
			buildSettings = {
				ASSETCATALOG_COMPILER_APPICON_NAME = AppIcon;
				INFOPLIST_FILE = ACBInfoPanel/Info.plist;
				LD_RUNPATH_SEARCH_PATHS = "$(inherited) @executable_path/Frameworks";
				PRODUCT_NAME = "$(TARGET_NAME)";
			};
			name = Debug;
		};
		730E35951B77F1B900F4CDF7 /* Release */ = {
			isa = XCBuildConfiguration;
			buildSettings = {
				ASSETCATALOG_COMPILER_APPICON_NAME = AppIcon;
				INFOPLIST_FILE = ACBInfoPanel/Info.plist;
				LD_RUNPATH_SEARCH_PATHS = "$(inherited) @executable_path/Frameworks";
				PRODUCT_NAME = "$(TARGET_NAME)";
			};
			name = Release;
		};
		730E35971B77F1B900F4CDF7 /* Debug */ = {
			isa = XCBuildConfiguration;
			buildSettings = {
				BUNDLE_LOADER = "$(TEST_HOST)";
				FRAMEWORK_SEARCH_PATHS = (
					"$(SDKROOT)/Developer/Library/Frameworks",
					"$(inherited)",
				);
				GCC_PREPROCESSOR_DEFINITIONS = (
					"DEBUG=1",
					"$(inherited)",
				);
				INFOPLIST_FILE = ACBInfoPanelTests/Info.plist;
				LD_RUNPATH_SEARCH_PATHS = "$(inherited) @executable_path/Frameworks @loader_path/Frameworks";
				PRODUCT_NAME = "$(TARGET_NAME)";
				TEST_HOST = "$(BUILT_PRODUCTS_DIR)/ACBInfoPanel.app/ACBInfoPanel";
			};
			name = Debug;
		};
		730E35981B77F1B900F4CDF7 /* Release */ = {
			isa = XCBuildConfiguration;
			buildSettings = {
				BUNDLE_LOADER = "$(TEST_HOST)";
				FRAMEWORK_SEARCH_PATHS = (
					"$(SDKROOT)/Developer/Library/Frameworks",
					"$(inherited)",
				);
				INFOPLIST_FILE = ACBInfoPanelTests/Info.plist;
				LD_RUNPATH_SEARCH_PATHS = "$(inherited) @executable_path/Frameworks @loader_path/Frameworks";
				PRODUCT_NAME = "$(TARGET_NAME)";
				TEST_HOST = "$(BUILT_PRODUCTS_DIR)/ACBInfoPanel.app/ACBInfoPanel";
			};
			name = Release;
		};
/* End XCBuildConfiguration section */

/* Begin XCConfigurationList section */
		730E356F1B77F1B900F4CDF7 /* Build configuration list for PBXProject "ACBInfoPanel" */ = {
			isa = XCConfigurationList;
			buildConfigurations = (
				730E35911B77F1B900F4CDF7 /* Debug */,
				730E35921B77F1B900F4CDF7 /* Release */,
			);
			defaultConfigurationIsVisible = 0;
			defaultConfigurationName = Release;
		};
		730E35931B77F1B900F4CDF7 /* Build configuration list for PBXNativeTarget "ACBInfoPanel" */ = {
			isa = XCConfigurationList;
			buildConfigurations = (
				730E35941B77F1B900F4CDF7 /* Debug */,
				730E35951B77F1B900F4CDF7 /* Release */,
			);
			defaultConfigurationIsVisible = 0;
		};
		730E35961B77F1B900F4CDF7 /* Build configuration list for PBXNativeTarget "ACBInfoPanelTests" */ = {
			isa = XCConfigurationList;
			buildConfigurations = (
				730E35971B77F1B900F4CDF7 /* Debug */,
				730E35981B77F1B900F4CDF7 /* Release */,
			);
			defaultConfigurationIsVisible = 0;
		};
/* End XCConfigurationList section */
	};
	rootObject = 730E356C1B77F1B900F4CDF7 /* Project object */;
}
